
Microsoft Visual Studio Solution File, Format Version 12.00
# Visual Studio Version 17
VisualStudioVersion = 17.8.34525.116
MinimumVisualStudioVersion = 10.0.40219.1
Project("{9A19103F-16F7-4668-BE54-9A1E7A4F7556}") = "Mfm.Teg.EventsViewer.Data.Contracts", "Mfm.Teg.EventsViewer.Data.Contracts\Mfm.Teg.EventsViewer.Data.Contracts.csproj", "{1CEA0814-03F0-4AE7-9C14-DB72567789E5}"
EndProject
Project("{9A19103F-16F7-4668-BE54-9A1E7A4F7556}") = "Mfm.Teg.EventsViewer.Data.Services", "Mfm.Teg.EventsViewer.Data.Services\Mfm.Teg.EventsViewer.Data.Services.csproj", "{742BB4D2-C627-4EF9-A2E3-5877665DDCB5}"
EndProject
Project("{9A19103F-16F7-4668-BE54-9A1E7A4F7556}") = "Mfm.Teg.EventsViewer.Data.Services.UnitTests", "Mfm.Teg.EventsViewer.Data.Services.UnitTests\Mfm.Teg.EventsViewer.Data.Services.UnitTests.csproj", "{D94C59BB-732F-41B5-BBC9-ECC949F76DD1}"
EndProject
Project("{9A19103F-16F7-4668-BE54-9A1E7A4F7556}") = "Mfm.Teg.EventsViewer.Domain.Contracts", "Mfm.Teg.EventsViewer.Domain.Contracts\Mfm.Teg.EventsViewer.Domain.Contracts.csproj", "{B2E3494E-B48A-436F-B472-1CBC7BAD0CBD}"
EndProject
Project("{9A19103F-16F7-4668-BE54-9A1E7A4F7556}") = "Mfm.Teg.EventsViewer.Domain.Models", "Mfm.Teg.EventsViewer.Domain.Models\Mfm.Teg.EventsViewer.Domain.Models.csproj", "{558DD2B5-0C8F-496A-9614-22081B69AF9D}"
EndProject
Project("{9A19103F-16F7-4668-BE54-9A1E7A4F7556}") = "Mfm.Teg.EventsViewer.Domain.Services", "Mfm.Teg.EventsViewer.Domain.Services\Mfm.Teg.EventsViewer.Domain.Services.csproj", "{57A3A60B-878D-4924-B1EC-22592017CC3B}"
EndProject
Project("{9A19103F-16F7-4668-BE54-9A1E7A4F7556}") = "Mfm.Teg.EventsViewer.Data.Entities", "Mfm.Teg.EventsViewer.Data.Entities\Mfm.Teg.EventsViewer.Data.Entities.csproj", "{4949B003-5DB3-4ED3-87D2-DA91A681FDFD}"
EndProject
Project("{9A19103F-16F7-4668-BE54-9A1E7A4F7556}") = "Mfm.Teg.EventsViewer.Domain.Services.UnitTests", "Mfm.Teg.EventsViewer.Domain.Services.UnitTests\Mfm.Teg.EventsViewer.Domain.Services.UnitTests.csproj", "{A7CAB377-68D4-4B82-9C92-93E91099EF20}"
EndProject
Project("{9A19103F-16F7-4668-BE54-9A1E7A4F7556}") = "Mfm.Teg.EventsViewer.WebApi", "Mfm.Teg.EventsViewer.WebApi\Mfm.Teg.EventsViewer.WebApi.csproj", "{22D7D968-EE41-44D1-A72F-7D97DC08B1FF}"
EndProject
Project("{2150E333-8FDC-42A3-9474-1A3956D46DE8}") = "Solution Items", "Solution Items", "{00BEEA1F-97AF-4503-AC44-A6D89310AC18}"
	ProjectSection(SolutionItems) = preProject
		CurrencyExchanger.postman_collection.json = CurrencyExchanger.postman_collection.json
		ReadMe.MD = ReadMe.MD
	EndProjectSection
EndProject
Project("{9A19103F-16F7-4668-BE54-9A1E7A4F7556}") = "Mfm.Teg.EventsViewer.WebApi.UnitTests", "Mfm.Teg.EventsViewer.WebApi.UnitTests\Mfm.Teg.EventsViewer.WebApi.UnitTests.csproj", "{75DEB764-7AF0-4572-B167-48545C0CDDF8}"
EndProject
Project("{2150E333-8FDC-42A3-9474-1A3956D46DE8}") = "Backend", "Backend", "{02EA681E-C7D8-13C7-8484-4AC65E1B71E8}"
EndProject
Project("{2150E333-8FDC-42A3-9474-1A3956D46DE8}") = "Frontend", "Frontend", "{FE1D789F-8679-452B-A3CF-7D9487889E84}"
EndProject
Project("{54A90642-561A-4BB1-A94E-469ADEE60C69}") = "events-viewer-app", "events-viewer-app\events-viewer-app.esproj", "{D581A14C-BC4E-B319-1217-80940432FE47}"
EndProject
Global
	GlobalSection(SolutionConfigurationPlatforms) = preSolution
		Debug|Any CPU = Debug|Any CPU
		Release|Any CPU = Release|Any CPU
	EndGlobalSection
	GlobalSection(ProjectConfigurationPlatforms) = postSolution
		{1CEA0814-03F0-4AE7-9C14-DB72567789E5}.Debug|Any CPU.ActiveCfg = Debug|Any CPU
		{1CEA0814-03F0-4AE7-9C14-DB72567789E5}.Debug|Any CPU.Build.0 = Debug|Any CPU
		{1CEA0814-03F0-4AE7-9C14-DB72567789E5}.Release|Any CPU.ActiveCfg = Release|Any CPU
		{1CEA0814-03F0-4AE7-9C14-DB72567789E5}.Release|Any CPU.Build.0 = Release|Any CPU
		{742BB4D2-C627-4EF9-A2E3-5877665DDCB5}.Debug|Any CPU.ActiveCfg = Debug|Any CPU
		{742BB4D2-C627-4EF9-A2E3-5877665DDCB5}.Debug|Any CPU.Build.0 = Debug|Any CPU
		{742BB4D2-C627-4EF9-A2E3-5877665DDCB5}.Release|Any CPU.ActiveCfg = Release|Any CPU
		{742BB4D2-C627-4EF9-A2E3-5877665DDCB5}.Release|Any CPU.Build.0 = Release|Any CPU
		{D94C59BB-732F-41B5-BBC9-ECC949F76DD1}.Debug|Any CPU.ActiveCfg = Debug|Any CPU
		{D94C59BB-732F-41B5-BBC9-ECC949F76DD1}.Debug|Any CPU.Build.0 = Debug|Any CPU
		{D94C59BB-732F-41B5-BBC9-ECC949F76DD1}.Release|Any CPU.ActiveCfg = Release|Any CPU
		{D94C59BB-732F-41B5-BBC9-ECC949F76DD1}.Release|Any CPU.Build.0 = Release|Any CPU
		{B2E3494E-B48A-436F-B472-1CBC7BAD0CBD}.Debug|Any CPU.ActiveCfg = Debug|Any CPU
		{B2E3494E-B48A-436F-B472-1CBC7BAD0CBD}.Debug|Any CPU.Build.0 = Debug|Any CPU
		{B2E3494E-B48A-436F-B472-1CBC7BAD0CBD}.Release|Any CPU.ActiveCfg = Release|Any CPU
		{B2E3494E-B48A-436F-B472-1CBC7BAD0CBD}.Release|Any CPU.Build.0 = Release|Any CPU
		{558DD2B5-0C8F-496A-9614-22081B69AF9D}.Debug|Any CPU.ActiveCfg = Debug|Any CPU
		{558DD2B5-0C8F-496A-9614-22081B69AF9D}.Debug|Any CPU.Build.0 = Debug|Any CPU
		{558DD2B5-0C8F-496A-9614-22081B69AF9D}.Release|Any CPU.ActiveCfg = Release|Any CPU
		{558DD2B5-0C8F-496A-9614-22081B69AF9D}.Release|Any CPU.Build.0 = Release|Any CPU
		{57A3A60B-878D-4924-B1EC-22592017CC3B}.Debug|Any CPU.ActiveCfg = Debug|Any CPU
		{57A3A60B-878D-4924-B1EC-22592017CC3B}.Debug|Any CPU.Build.0 = Debug|Any CPU
		{57A3A60B-878D-4924-B1EC-22592017CC3B}.Release|Any CPU.ActiveCfg = Release|Any CPU
		{57A3A60B-878D-4924-B1EC-22592017CC3B}.Release|Any CPU.Build.0 = Release|Any CPU
		{4949B003-5DB3-4ED3-87D2-DA91A681FDFD}.Debug|Any CPU.ActiveCfg = Debug|Any CPU
		{4949B003-5DB3-4ED3-87D2-DA91A681FDFD}.Debug|Any CPU.Build.0 = Debug|Any CPU
		{4949B003-5DB3-4ED3-87D2-DA91A681FDFD}.Release|Any CPU.ActiveCfg = Release|Any CPU
		{4949B003-5DB3-4ED3-87D2-DA91A681FDFD}.Release|Any CPU.Build.0 = Release|Any CPU
		{A7CAB377-68D4-4B82-9C92-93E91099EF20}.Debug|Any CPU.ActiveCfg = Debug|Any CPU
		{A7CAB377-68D4-4B82-9C92-93E91099EF20}.Debug|Any CPU.Build.0 = Debug|Any CPU
		{A7CAB377-68D4-4B82-9C92-93E91099EF20}.Release|Any CPU.ActiveCfg = Release|Any CPU
		{A7CAB377-68D4-4B82-9C92-93E91099EF20}.Release|Any CPU.Build.0 = Release|Any CPU
		{22D7D968-EE41-44D1-A72F-7D97DC08B1FF}.Debug|Any CPU.ActiveCfg = Debug|Any CPU
		{22D7D968-EE41-44D1-A72F-7D97DC08B1FF}.Debug|Any CPU.Build.0 = Debug|Any CPU
		{22D7D968-EE41-44D1-A72F-7D97DC08B1FF}.Release|Any CPU.ActiveCfg = Release|Any CPU
		{22D7D968-EE41-44D1-A72F-7D97DC08B1FF}.Release|Any CPU.Build.0 = Release|Any CPU
		{75DEB764-7AF0-4572-B167-48545C0CDDF8}.Debug|Any CPU.ActiveCfg = Debug|Any CPU
		{75DEB764-7AF0-4572-B167-48545C0CDDF8}.Debug|Any CPU.Build.0 = Debug|Any CPU
		{75DEB764-7AF0-4572-B167-48545C0CDDF8}.Release|Any CPU.ActiveCfg = Release|Any CPU
		{75DEB764-7AF0-4572-B167-48545C0CDDF8}.Release|Any CPU.Build.0 = Release|Any CPU
		{D581A14C-BC4E-B319-1217-80940432FE47}.Debug|Any CPU.ActiveCfg = Debug|Any CPU
		{D581A14C-BC4E-B319-1217-80940432FE47}.Debug|Any CPU.Build.0 = Debug|Any CPU
		{D581A14C-BC4E-B319-1217-80940432FE47}.Debug|Any CPU.Deploy.0 = Debug|Any CPU
		{D581A14C-BC4E-B319-1217-80940432FE47}.Release|Any CPU.ActiveCfg = Release|Any CPU
		{D581A14C-BC4E-B319-1217-80940432FE47}.Release|Any CPU.Build.0 = Release|Any CPU
		{D581A14C-BC4E-B319-1217-80940432FE47}.Release|Any CPU.Deploy.0 = Release|Any CPU
	EndGlobalSection
	GlobalSection(SolutionProperties) = preSolution
		HideSolutionNode = FALSE
	EndGlobalSection
	GlobalSection(NestedProjects) = preSolution
		{1CEA0814-03F0-4AE7-9C14-DB72567789E5} = {02EA681E-C7D8-13C7-8484-4AC65E1B71E8}
		{742BB4D2-C627-4EF9-A2E3-5877665DDCB5} = {02EA681E-C7D8-13C7-8484-4AC65E1B71E8}
		{D94C59BB-732F-41B5-BBC9-ECC949F76DD1} = {02EA681E-C7D8-13C7-8484-4AC65E1B71E8}
		{B2E3494E-B48A-436F-B472-1CBC7BAD0CBD} = {02EA681E-C7D8-13C7-8484-4AC65E1B71E8}
		{558DD2B5-0C8F-496A-9614-22081B69AF9D} = {02EA681E-C7D8-13C7-8484-4AC65E1B71E8}
		{57A3A60B-878D-4924-B1EC-22592017CC3B} = {02EA681E-C7D8-13C7-8484-4AC65E1B71E8}
		{4949B003-5DB3-4ED3-87D2-DA91A681FDFD} = {02EA681E-C7D8-13C7-8484-4AC65E1B71E8}
		{A7CAB377-68D4-4B82-9C92-93E91099EF20} = {02EA681E-C7D8-13C7-8484-4AC65E1B71E8}
		{22D7D968-EE41-44D1-A72F-7D97DC08B1FF} = {02EA681E-C7D8-13C7-8484-4AC65E1B71E8}
		{75DEB764-7AF0-4572-B167-48545C0CDDF8} = {02EA681E-C7D8-13C7-8484-4AC65E1B71E8}
		{02EA681E-C7D8-13C7-8484-4AC65E1B71E8} = {00BEEA1F-97AF-4503-AC44-A6D89310AC18}
		{FE1D789F-8679-452B-A3CF-7D9487889E84} = {00BEEA1F-97AF-4503-AC44-A6D89310AC18}
		{D581A14C-BC4E-B319-1217-80940432FE47} = {FE1D789F-8679-452B-A3CF-7D9487889E84}
	EndGlobalSection
	GlobalSection(ExtensibilityGlobals) = postSolution
		SolutionGuid = {02F9A917-EEB8-454C-BB0B-59E174D72C05}
	EndGlobalSection
EndGlobal
